// !$*UTF8*$!
{
	archiveVersion = 1;
	classes = {
	};
	objectVersion = 48;
	objects = {

/* Begin PBXBuildFile section */
		9645AC8D20178E2F009992D0 /* AppDelegate.swift in Sources */ = {isa = PBXBuildFile; fileRef = 9645AC8C20178E2F009992D0 /* AppDelegate.swift */; };
		9645AC8F20178E2F009992D0 /* ViewController.swift in Sources */ = {isa = PBXBuildFile; fileRef = 9645AC8E20178E2F009992D0 /* ViewController.swift */; };
		9645AC9120178E2F009992D0 /* Assets.xcassets in Resources */ = {isa = PBXBuildFile; fileRef = 9645AC9020178E2F009992D0 /* Assets.xcassets */; };
		9645AC9420178E2F009992D0 /* Main.storyboard in Resources */ = {isa = PBXBuildFile; fileRef = 9645AC9220178E2F009992D0 /* Main.storyboard */; };
		9645ACA020178E2F009992D0 /* BugFixesTests.swift in Sources */ = {isa = PBXBuildFile; fileRef = 9645AC9F20178E2F009992D0 /* BugFixesTests.swift */; };
		9645ACAB20178E2F009992D0 /* BugFixesUITests.swift in Sources */ = {isa = PBXBuildFile; fileRef = 9645ACAA20178E2F009992D0 /* BugFixesUITests.swift */; };
/* End PBXBuildFile section */

/* Begin PBXContainerItemProxy section */
		9645AC9C20178E2F009992D0 /* PBXContainerItemProxy */ = {
			isa = PBXContainerItemProxy;
			containerPortal = 9645AC8120178E2F009992D0 /* Project object */;
			proxyType = 1;
			remoteGlobalIDString = 9645AC8820178E2F009992D0;
			remoteInfo = BugFixes;
		};
		9645ACA720178E2F009992D0 /* PBXContainerItemProxy */ = {
			isa = PBXContainerItemProxy;
			containerPortal = 9645AC8120178E2F009992D0 /* Project object */;
			proxyType = 1;
			remoteGlobalIDString = 9645AC8820178E2F009992D0;
			remoteInfo = BugFixes;
		};
/* End PBXContainerItemProxy section */

/* Begin PBXFileReference section */
		9645AC8920178E2F009992D0 /* BugFixes.app */ = {isa = PBXFileReference; explicitFileType = wrapper.application; includeInIndex = 0; path = BugFixes.app; sourceTree = BUILT_PRODUCTS_DIR; };
		9645AC8C20178E2F009992D0 /* AppDelegate.swift */ = {isa = PBXFileReference; lastKnownFileType = sourcecode.swift; path = AppDelegate.swift; sourceTree = "<group>"; };
		9645AC8E20178E2F009992D0 /* ViewController.swift */ = {isa = PBXFileReference; lastKnownFileType = sourcecode.swift; path = ViewController.swift; sourceTree = "<group>"; };
		9645AC9020178E2F009992D0 /* Assets.xcassets */ = {isa = PBXFileReference; lastKnownFileType = folder.assetcatalog; path = Assets.xcassets; sourceTree = "<group>"; };
		9645AC9320178E2F009992D0 /* Base */ = {isa = PBXFileReference; lastKnownFileType = file.storyboard; name = Base; path = Base.lproj/Main.storyboard; sourceTree = "<group>"; };
		9645AC9520178E2F009992D0 /* Info.plist */ = {isa = PBXFileReference; lastKnownFileType = text.plist.xml; path = Info.plist; sourceTree = "<group>"; };
		9645AC9620178E2F009992D0 /* BugFixes.entitlements */ = {isa = PBXFileReference; lastKnownFileType = text.plist.entitlements; path = BugFixes.entitlements; sourceTree = "<group>"; };
		9645AC9B20178E2F009992D0 /* BugFixesTests.xctest */ = {isa = PBXFileReference; explicitFileType = wrapper.cfbundle; includeInIndex = 0; path = BugFixesTests.xctest; sourceTree = BUILT_PRODUCTS_DIR; };
		9645AC9F20178E2F009992D0 /* BugFixesTests.swift */ = {isa = PBXFileReference; lastKnownFileType = sourcecode.swift; path = BugFixesTests.swift; sourceTree = "<group>"; };
		9645ACA120178E2F009992D0 /* Info.plist */ = {isa = PBXFileReference; lastKnownFileType = text.plist.xml; path = Info.plist; sourceTree = "<group>"; };
		9645ACA620178E2F009992D0 /* BugFixesUITests.xctest */ = {isa = PBXFileReference; explicitFileType = wrapper.cfbundle; includeInIndex = 0; path = BugFixesUITests.xctest; sourceTree = BUILT_PRODUCTS_DIR; };
		9645ACAA20178E2F009992D0 /* BugFixesUITests.swift */ = {isa = PBXFileReference; lastKnownFileType = sourcecode.swift; path = BugFixesUITests.swift; sourceTree = "<group>"; };
		9645ACAC20178E2F009992D0 /* Info.plist */ = {isa = PBXFileReference; lastKnownFileType = text.plist.xml; path = Info.plist; sourceTree = "<group>"; };
/* End PBXFileReference section */

/* Begin PBXFrameworksBuildPhase section */
		9645AC8620178E2F009992D0 /* Frameworks */ = {
			isa = PBXFrameworksBuildPhase;
			buildActionMask = 2147483647;
			files = (
			);
			runOnlyForDeploymentPostprocessing = 0;
		};
		9645AC9820178E2F009992D0 /* Frameworks */ = {
			isa = PBXFrameworksBuildPhase;
			buildActionMask = 2147483647;
			files = (
			);
			runOnlyForDeploymentPostprocessing = 0;
		};
		9645ACA320178E2F009992D0 /* Frameworks */ = {
			isa = PBXFrameworksBuildPhase;
			buildActionMask = 2147483647;
			files = (
			);
			runOnlyForDeploymentPostprocessing = 0;
		};
/* End PBXFrameworksBuildPhase section */

/* Begin PBXGroup section */
		9645AC8020178E2F009992D0 = {
			isa = PBXGroup;
			children = (
				9645AC8B20178E2F009992D0 /* BugFixes */,
				9645AC9E20178E2F009992D0 /* BugFixesTests */,
				9645ACA920178E2F009992D0 /* BugFixesUITests */,
				9645AC8A20178E2F009992D0 /* Products */,
			);
			sourceTree = "<group>";
		};
		9645AC8A20178E2F009992D0 /* Products */ = {
			isa = PBXGroup;
			children = (
				9645AC8920178E2F009992D0 /* BugFixes.app */,
				9645AC9B20178E2F009992D0 /* BugFixesTests.xctest */,
				9645ACA620178E2F009992D0 /* BugFixesUITests.xctest */,
			);
			name = Products;
			sourceTree = "<group>";
		};
		9645AC8B20178E2F009992D0 /* BugFixes */ = {
			isa = PBXGroup;
			children = (
				9645AC8C20178E2F009992D0 /* AppDelegate.swift */,
				9645AC8E20178E2F009992D0 /* ViewController.swift */,
				9645AC9020178E2F009992D0 /* Assets.xcassets */,
				9645AC9220178E2F009992D0 /* Main.storyboard */,
				9645AC9520178E2F009992D0 /* Info.plist */,
				9645AC9620178E2F009992D0 /* BugFixes.entitlements */,
			);
			path = BugFixes;
			sourceTree = "<group>";
		};
		9645AC9E20178E2F009992D0 /* BugFixesTests */ = {
			isa = PBXGroup;
			children = (
				9645AC9F20178E2F009992D0 /* BugFixesTests.swift */,
				9645ACA120178E2F009992D0 /* Info.plist */,
			);
			path = BugFixesTests;
			sourceTree = "<group>";
		};
		9645ACA920178E2F009992D0 /* BugFixesUITests */ = {
			isa = PBXGroup;
			children = (
				9645ACAA20178E2F009992D0 /* BugFixesUITests.swift */,
				9645ACAC20178E2F009992D0 /* Info.plist */,
			);
			path = BugFixesUITests;
			sourceTree = "<group>";
		};
/* End PBXGroup section */

/* Begin PBXNativeTarget section */
		9645AC8820178E2F009992D0 /* BugFixes */ = {
			isa = PBXNativeTarget;
			buildConfigurationList = 9645ACAF20178E2F009992D0 /* Build configuration list for PBXNativeTarget "BugFixes" */;
			buildPhases = (
				9645AC8520178E2F009992D0 /* Sources */,
				9645AC8620178E2F009992D0 /* Frameworks */,
				9645AC8720178E2F009992D0 /* Resources */,
			);
			buildRules = (
			);
			dependencies = (
			);
			name = BugFixes;
			productName = BugFixes;
			productReference = 9645AC8920178E2F009992D0 /* BugFixes.app */;
			productType = "com.apple.product-type.application";
		};
		9645AC9A20178E2F009992D0 /* BugFixesTests */ = {
			isa = PBXNativeTarget;
			buildConfigurationList = 9645ACB220178E2F009992D0 /* Build configuration list for PBXNativeTarget "BugFixesTests" */;
			buildPhases = (
				9645AC9720178E2F009992D0 /* Sources */,
				9645AC9820178E2F009992D0 /* Frameworks */,
				9645AC9920178E2F009992D0 /* Resources */,
			);
			buildRules = (
			);
			dependencies = (
				9645AC9D20178E2F009992D0 /* PBXTargetDependency */,
			);
			name = BugFixesTests;
			productName = BugFixesTests;
			productReference = 9645AC9B20178E2F009992D0 /* BugFixesTests.xctest */;
			productType = "com.apple.product-type.bundle.unit-test";
		};
		9645ACA520178E2F009992D0 /* BugFixesUITests */ = {
			isa = PBXNativeTarget;
			buildConfigurationList = 9645ACB520178E2F009992D0 /* Build configuration list for PBXNativeTarget "BugFixesUITests" */;
			buildPhases = (
				9645ACA220178E2F009992D0 /* Sources */,
				9645ACA320178E2F009992D0 /* Frameworks */,
				9645ACA420178E2F009992D0 /* Resources */,
			);
			buildRules = (
			);
			dependencies = (
				9645ACA820178E2F009992D0 /* PBXTargetDependency */,
			);
			name = BugFixesUITests;
			productName = BugFixesUITests;
			productReference = 9645ACA620178E2F009992D0 /* BugFixesUITests.xctest */;
			productType = "com.apple.product-type.bundle.ui-testing";
		};
/* End PBXNativeTarget section */

/* Begin PBXProject section */
		9645AC8120178E2F009992D0 /* Project object */ = {
			isa = PBXProject;
			attributes = {
				LastSwiftUpdateCheck = 0920;
				LastUpgradeCheck = 0920;
				ORGANIZATIONNAME = NordicArts;
				TargetAttributes = {
					9645AC8820178E2F009992D0 = {
						CreatedOnToolsVersion = 9.2;
						ProvisioningStyle = Automatic;
					};
					9645AC9A20178E2F009992D0 = {
						CreatedOnToolsVersion = 9.2;
						ProvisioningStyle = Automatic;
						TestTargetID = 9645AC8820178E2F009992D0;
					};
					9645ACA520178E2F009992D0 = {
						CreatedOnToolsVersion = 9.2;
						ProvisioningStyle = Automatic;
						TestTargetID = 9645AC8820178E2F009992D0;
					};
				};
			};
			buildConfigurationList = 9645AC8420178E2F009992D0 /* Build configuration list for PBXProject "BugFixes" */;
			compatibilityVersion = "Xcode 8.0";
			developmentRegion = en;
			hasScannedForEncodings = 0;
			knownRegions = (
				en,
				Base,
			);
			mainGroup = 9645AC8020178E2F009992D0;
			productRefGroup = 9645AC8A20178E2F009992D0 /* Products */;
			projectDirPath = "";
			projectRoot = "";
			targets = (
				9645AC8820178E2F009992D0 /* BugFixes */,
				9645AC9A20178E2F009992D0 /* BugFixesTests */,
				9645ACA520178E2F009992D0 /* BugFixesUITests */,
			);
		};
/* End PBXProject section */

/* Begin PBXResourcesBuildPhase section */
		9645AC8720178E2F009992D0 /* Resources */ = {
			isa = PBXResourcesBuildPhase;
			buildActionMask = 2147483647;
			files = (
				9645AC9120178E2F009992D0 /* Assets.xcassets in Resources */,
				9645AC9420178E2F009992D0 /* Main.storyboard in Resources */,
			);
			runOnlyForDeploymentPostprocessing = 0;
		};
		9645AC9920178E2F009992D0 /* Resources */ = {
			isa = PBXResourcesBuildPhase;
			buildActionMask = 2147483647;
			files = (
			);
			runOnlyForDeploymentPostprocessing = 0;
		};
		9645ACA420178E2F009992D0 /* Resources */ = {
			isa = PBXResourcesBuildPhase;
			buildActionMask = 2147483647;
			files = (
			);
			runOnlyForDeploymentPostprocessing = 0;
		};
/* End PBXResourcesBuildPhase section */

/* Begin PBXSourcesBuildPhase section */
		9645AC8520178E2F009992D0 /* Sources */ = {
			isa = PBXSourcesBuildPhase;
			buildActionMask = 2147483647;
			files = (
				9645AC8F20178E2F009992D0 /* ViewController.swift in Sources */,
				9645AC8D20178E2F009992D0 /* AppDelegate.swift in Sources */,
			);
			runOnlyForDeploymentPostprocessing = 0;
		};
		9645AC9720178E2F009992D0 /* Sources */ = {
			isa = PBXSourcesBuildPhase;
			buildActionMask = 2147483647;
			files = (
				9645ACA020178E2F009992D0 /* BugFixesTests.swift in Sources */,
			);
			runOnlyForDeploymentPostprocessing = 0;
		};
		9645ACA220178E2F009992D0 /* Sources */ = {
			isa = PBXSourcesBuildPhase;
			buildActionMask = 2147483647;
			files = (
				9645ACAB20178E2F009992D0 /* BugFixesUITests.swift in Sources */,
			);
			runOnlyForDeploymentPostprocessing = 0;
		};
/* End PBXSourcesBuildPhase section */

/* Begin PBXTargetDependency section */
		9645AC9D20178E2F009992D0 /* PBXTargetDependency */ = {
			isa = PBXTargetDependency;
			target = 9645AC8820178E2F009992D0 /* BugFixes */;
			targetProxy = 9645AC9C20178E2F009992D0 /* PBXContainerItemProxy */;
		};
		9645ACA820178E2F009992D0 /* PBXTargetDependency */ = {
			isa = PBXTargetDependency;
			target = 9645AC8820178E2F009992D0 /* BugFixes */;
			targetProxy = 9645ACA720178E2F009992D0 /* PBXContainerItemProxy */;
		};
/* End PBXTargetDependency section */

/* Begin PBXVariantGroup section */
		9645AC9220178E2F009992D0 /* Main.storyboard */ = {
			isa = PBXVariantGroup;
			children = (
				9645AC9320178E2F009992D0 /* Base */,
			);
			name = Main.storyboard;
			sourceTree = "<group>";
		};
/* End PBXVariantGroup section */

/* Begin XCBuildConfiguration section */
		9645ACAD20178E2F009992D0 /* Debug */ = {
			isa = XCBuildConfiguration;
			buildSettings = {
				ALWAYS_SEARCH_USER_PATHS = NO;
				CLANG_ANALYZER_NONNULL = YES;
				CLANG_ANALYZER_NUMBER_OBJECT_CONVERSION = YES_AGGRESSIVE;
				CLANG_CXX_LANGUAGE_STANDARD = "gnu++14";
				CLANG_CXX_LIBRARY = "libc++";
				CLANG_ENABLE_MODULES = YES;
				CLANG_ENABLE_OBJC_ARC = YES;
				CLANG_WARN_BLOCK_CAPTURE_AUTORELEASING = YES;
				CLANG_WARN_BOOL_CONVERSION = YES;
				CLANG_WARN_COMMA = YES;
				CLANG_WARN_CONSTANT_CONVERSION = YES;
				CLANG_WARN_DIRECT_OBJC_ISA_USAGE = YES_ERROR;
				CLANG_WARN_DOCUMENTATION_COMMENTS = YES;
				CLANG_WARN_EMPTY_BODY = YES;
				CLANG_WARN_ENUM_CONVERSION = YES;
				CLANG_WARN_INFINITE_RECURSION = YES;
				CLANG_WARN_INT_CONVERSION = YES;
				CLANG_WARN_NON_LITERAL_NULL_CONVERSION = YES;
				CLANG_WARN_OBJC_LITERAL_CONVERSION = YES;
				CLANG_WARN_OBJC_ROOT_CLASS = YES_ERROR;
				CLANG_WARN_RANGE_LOOP_ANALYSIS = YES;
				CLANG_WARN_STRICT_PROTOTYPES = YES;
				CLANG_WARN_SUSPICIOUS_MOVE = YES;
				CLANG_WARN_UNGUARDED_AVAILABILITY = YES_AGGRESSIVE;
				CLANG_WARN_UNREACHABLE_CODE = YES;
				CLANG_WARN__DUPLICATE_METHOD_MATCH = YES;
				CODE_SIGN_IDENTITY = "Mac Developer";
				COPY_PHASE_STRIP = NO;
				DEBUG_INFORMATION_FORMAT = dwarf;
				ENABLE_STRICT_OBJC_MSGSEND = YES;
				ENABLE_TESTABILITY = YES;
				GCC_C_LANGUAGE_STANDARD = gnu11;
				GCC_DYNAMIC_NO_PIC = NO;
				GCC_NO_COMMON_BLOCKS = YES;
				GCC_OPTIMIZATION_LEVEL = 0;
				GCC_PREPROCESSOR_DEFINITIONS = (
					"DEBUG=1",
					"$(inherited)",
				);
				GCC_WARN_64_TO_32_BIT_CONVERSION = YES;
				GCC_WARN_ABOUT_RETURN_TYPE = YES_ERROR;
				GCC_WARN_UNDECLARED_SELECTOR = YES;
				GCC_WARN_UNINITIALIZED_AUTOS = YES_AGGRESSIVE;
				GCC_WARN_UNUSED_FUNCTION = YES;
				GCC_WARN_UNUSED_VARIABLE = YES;
				MACOSX_DEPLOYMENT_TARGET = 10.13;
				MTL_ENABLE_DEBUG_INFO = YES;
				ONLY_ACTIVE_ARCH = YES;
				SDKROOT = macosx;
				SWIFT_ACTIVE_COMPILATION_CONDITIONS = DEBUG;
				SWIFT_OPTIMIZATION_LEVEL = "-Onone";
			};
			name = Debug;
		};
		9645ACAE20178E2F009992D0 /* Release */ = {
			isa = XCBuildConfiguration;
			buildSettings = {
				ALWAYS_SEARCH_USER_PATHS = NO;
				CLANG_ANALYZER_NONNULL = YES;
				CLANG_ANALYZER_NUMBER_OBJECT_CONVERSION = YES_AGGRESSIVE;
				CLANG_CXX_LANGUAGE_STANDARD = "gnu++14";
				CLANG_CXX_LIBRARY = "libc++";
				CLANG_ENABLE_MODULES = YES;
				CLANG_ENABLE_OBJC_ARC = YES;
				CLANG_WARN_BLOCK_CAPTURE_AUTORELEASING = YES;
				CLANG_WARN_BOOL_CONVERSION = YES;
				CLANG_WARN_COMMA = YES;
				CLANG_WARN_CONSTANT_CONVERSION = YES;
				CLANG_WARN_DIRECT_OBJC_ISA_USAGE = YES_ERROR;
				CLANG_WARN_DOCUMENTATION_COMMENTS = YES;
				CLANG_WARN_EMPTY_BODY = YES;
				CLANG_WARN_ENUM_CONVERSION = YES;
				CLANG_WARN_INFINITE_RECURSION = YES;
				CLANG_WARN_INT_CONVERSION = YES;
				CLANG_WARN_NON_LITERAL_NULL_CONVERSION = YES;
				CLANG_WARN_OBJC_LITERAL_CONVERSION = YES;
				CLANG_WARN_OBJC_ROOT_CLASS = YES_ERROR;
				CLANG_WARN_RANGE_LOOP_ANALYSIS = YES;
				CLANG_WARN_STRICT_PROTOTYPES = YES;
				CLANG_WARN_SUSPICIOUS_MOVE = YES;
				CLANG_WARN_UNGUARDED_AVAILABILITY = YES_AGGRESSIVE;
				CLANG_WARN_UNREACHABLE_CODE = YES;
				CLANG_WARN__DUPLICATE_METHOD_MATCH = YES;
				CODE_SIGN_IDENTITY = "Mac Developer";
				COPY_PHASE_STRIP = NO;
				DEBUG_INFORMATION_FORMAT = "dwarf-with-dsym";
				ENABLE_NS_ASSERTIONS = NO;
				ENABLE_STRICT_OBJC_MSGSEND = YES;
				GCC_C_LANGUAGE_STANDARD = gnu11;
				GCC_NO_COMMON_BLOCKS = YES;
				GCC_WARN_64_TO_32_BIT_CONVERSION = YES;
				GCC_WARN_ABOUT_RETURN_TYPE = YES_ERROR;
				GCC_WARN_UNDECLARED_SELECTOR = YES;
				GCC_WARN_UNINITIALIZED_AUTOS = YES_AGGRESSIVE;
				GCC_WARN_UNUSED_FUNCTION = YES;
				GCC_WARN_UNUSED_VARIABLE = YES;
				MACOSX_DEPLOYMENT_TARGET = 10.13;
				MTL_ENABLE_DEBUG_INFO = NO;
				SDKROOT = macosx;
				SWIFT_OPTIMIZATION_LEVEL = "-Owholemodule";
			};
			name = Release;
		};
		9645ACB020178E2F009992D0 /* Debug */ = {
			isa = XCBuildConfiguration;
			buildSettings = {
				ASSETCATALOG_COMPILER_APPICON_NAME = AppIcon;
				CODE_SIGN_ENTITLEMENTS = BugFixes/BugFixes.entitlements;
				CODE_SIGN_STYLE = Automatic;
				COMBINE_HIDPI_IMAGES = YES;
				DEVELOPMENT_TEAM = GL485K76T8;
				INFOPLIST_FILE = BugFixes/Info.plist;
				LD_RUNPATH_SEARCH_PATHS = "$(inherited) @executable_path/../Frameworks";
				PRODUCT_BUNDLE_IDENTIFIER = net.nordicarts.BugFixes;
				PRODUCT_NAME = "$(TARGET_NAME)";
				SWIFT_VERSION = 4.0;
			};
			name = Debug;
		};
		9645ACB120178E2F009992D0 /* Release */ = {
			isa = XCBuildConfiguration;
			buildSettings = {
				ASSETCATALOG_COMPILER_APPICON_NAME = AppIcon;
				CODE_SIGN_ENTITLEMENTS = BugFixes/BugFixes.entitlements;
				CODE_SIGN_STYLE = Automatic;
				COMBINE_HIDPI_IMAGES = YES;
				DEVELOPMENT_TEAM = GL485K76T8;
				INFOPLIST_FILE = BugFixes/Info.plist;
				LD_RUNPATH_SEARCH_PATHS = "$(inherited) @executable_path/../Frameworks";
				PRODUCT_BUNDLE_IDENTIFIER = net.nordicarts.BugFixes;
				PRODUCT_NAME = "$(TARGET_NAME)";
				SWIFT_VERSION = 4.0;
			};
			name = Release;
		};
		9645ACB320178E2F009992D0 /* Debug */ = {
			isa = XCBuildConfiguration;
			buildSettings = {
				ALWAYS_EMBED_SWIFT_STANDARD_LIBRARIES = YES;
				BUNDLE_LOADER = "$(TEST_HOST)";
				CODE_SIGN_STYLE = Automatic;
				COMBINE_HIDPI_IMAGES = YES;
				DEVELOPMENT_TEAM = GL485K76T8;
				INFOPLIST_FILE = BugFixesTests/Info.plist;
				LD_RUNPATH_SEARCH_PATHS = "$(inherited) @executable_path/../Frameworks @loader_path/../Frameworks";
				PRODUCT_BUNDLE_IDENTIFIER = net.nordicarts.BugFixesTests;
				PRODUCT_NAME = "$(TARGET_NAME)";
				SWIFT_VERSION = 4.0;
				TEST_HOST = "$(BUILT_PRODUCTS_DIR)/BugFixes.app/Contents/MacOS/BugFixes";
			};
			name = Debug;
		};
		9645ACB420178E2F009992D0 /* Release */ = {
			isa = XCBuildConfiguration;
			buildSettings = {
				ALWAYS_EMBED_SWIFT_STANDARD_LIBRARIES = YES;
				BUNDLE_LOADER = "$(TEST_HOST)";
				CODE_SIGN_STYLE = Automatic;
				COMBINE_HIDPI_IMAGES = YES;
				DEVELOPMENT_TEAM = GL485K76T8;
				INFOPLIST_FILE = BugFixesTests/Info.plist;
				LD_RUNPATH_SEARCH_PATHS = "$(inherited) @executable_path/../Frameworks @loader_path/../Frameworks";
				PRODUCT_BUNDLE_IDENTIFIER = net.nordicarts.BugFixesTests;
				PRODUCT_NAME = "$(TARGET_NAME)";
				SWIFT_VERSION = 4.0;
				TEST_HOST = "$(BUILT_PRODUCTS_DIR)/BugFixes.app/Contents/MacOS/BugFixes";
			};
			name = Release;
		};
		9645ACB620178E2F009992D0 /* Debug */ = {
			isa = XCBuildConfiguration;
			buildSettings = {
				ALWAYS_EMBED_SWIFT_STANDARD_LIBRARIES = YES;
				CODE_SIGN_STYLE = Automatic;
				COMBINE_HIDPI_IMAGES = YES;
				DEVELOPMENT_TEAM = GL485K76T8;
				INFOPLIST_FILE = BugFixesUITests/Info.plist;
				LD_RUNPATH_SEARCH_PATHS = "$(inherited) @executable_path/../Frameworks @loader_path/../Frameworks";
				PRODUCT_BUNDLE_IDENTIFIER = net.nordicarts.BugFixesUITests;
				PRODUCT_NAME = "$(TARGET_NAME)";
				SWIFT_VERSION = 4.0;
				TEST_TARGET_NAME = BugFixes;
			};
			name = Debug;
		};
		9645ACB720178E2F009992D0 /* Release */ = {
			isa = XCBuildConfiguration;
			buildSettings = {
				ALWAYS_EMBED_SWIFT_STANDARD_LIBRARIES = YES;
				CODE_SIGN_STYLE = Automatic;
				COMBINE_HIDPI_IMAGES = YES;
				DEVELOPMENT_TEAM = GL485K76T8;
				INFOPLIST_FILE = BugFixesUITests/Info.plist;
				LD_RUNPATH_SEARCH_PATHS = "$(inherited) @executable_path/../Frameworks @loader_path/../Frameworks";
				PRODUCT_BUNDLE_IDENTIFIER = net.nordicarts.BugFixesUITests;
				PRODUCT_NAME = "$(TARGET_NAME)";
				SWIFT_VERSION = 4.0;
				TEST_TARGET_NAME = BugFixes;
			};
			name = Release;
		};
/* End XCBuildConfiguration section */

/* Begin XCConfigurationList section */
		9645AC8420178E2F009992D0 /* Build configuration list for PBXProject "BugFixes" */ = {
			isa = XCConfigurationList;
			buildConfigurations = (
				9645ACAD20178E2F009992D0 /* Debug */,
				9645ACAE20178E2F009992D0 /* Release */,
			);
			defaultConfigurationIsVisible = 0;
			defaultConfigurationName = Release;
		};
		9645ACAF20178E2F009992D0 /* Build configuration list for PBXNativeTarget "BugFixes" */ = {
			isa = XCConfigurationList;
			buildConfigurations = (
				9645ACB020178E2F009992D0 /* Debug */,
				9645ACB120178E2F009992D0 /* Release */,
			);
			defaultConfigurationIsVisible = 0;
			defaultConfigurationName = Release;
		};
		9645ACB220178E2F009992D0 /* Build configuration list for PBXNativeTarget "BugFixesTests" */ = {
			isa = XCConfigurationList;
			buildConfigurations = (
				9645ACB320178E2F009992D0 /* Debug */,
				9645ACB420178E2F009992D0 /* Release */,
			);
			defaultConfigurationIsVisible = 0;
			defaultConfigurationName = Release;
		};
		9645ACB520178E2F009992D0 /* Build configuration list for PBXNativeTarget "BugFixesUITests" */ = {
			isa = XCConfigurationList;
			buildConfigurations = (
				9645ACB620178E2F009992D0 /* Debug */,
				9645ACB720178E2F009992D0 /* Release */,
			);
			defaultConfigurationIsVisible = 0;
			defaultConfigurationName = Release;
		};
/* End XCConfigurationList section */
	};
	rootObject = 9645AC8120178E2F009992D0 /* Project object */;
}
